
Microsoft Visual Studio Solution File, Format Version 12.00
# Visual Studio Version 17
VisualStudioVersion = 17.14.36511.14
MinimumVisualStudioVersion = 10.0.40219.1
Project("{FAE04EC0-301F-11D3-BF4B-00C04F79EFBC}") = "ProjectManagementSystem.WPF", "ProjectManagementSystem.WPF.csproj", "{B850B967-3A2A-4055-BC13-0F22814694BD}"
EndProject
Project("{FAE04EC0-301F-11D3-BF4B-00C04F79EFBC}") = "ProjectManagementSystem.API", "..\ProjectManagementSystem.API\ProjectManagementSystem.API.csproj", "{1D069506-B03C-467B-8177-043355EE2997}"
EndProject
Project("{FAE04EC0-301F-11D3-BF4B-00C04F79EFBC}") = "ProjectManagementSystem.Database", "..\ProjectManagementSystem.Database\ProjectManagementSystem.Database.csproj", "{36951E27-7825-4916-805E-D4883CD23C91}"
EndProject
Global
	GlobalSection(SolutionConfigurationPlatforms) = preSolution
		Debug|Any CPU = Debug|Any CPU
		Release|Any CPU = Release|Any CPU
	EndGlobalSection
	GlobalSection(ProjectConfigurationPlatforms) = postSolution
		{B850B967-3A2A-4055-BC13-0F22814694BD}.Debug|Any CPU.ActiveCfg = Debug|Any CPU
		{B850B967-3A2A-4055-BC13-0F22814694BD}.Debug|Any CPU.Build.0 = Debug|Any CPU
		{B850B967-3A2A-4055-BC13-0F22814694BD}.Release|Any CPU.ActiveCfg = Release|Any CPU
		{B850B967-3A2A-4055-BC13-0F22814694BD}.Release|Any CPU.Build.0 = Release|Any CPU
		{1D069506-B03C-467B-8177-043355EE2997}.Debug|Any CPU.ActiveCfg = Debug|Any CPU
		{1D069506-B03C-467B-8177-043355EE2997}.Debug|Any CPU.Build.0 = Debug|Any CPU
		{1D069506-B03C-467B-8177-043355EE2997}.Release|Any CPU.ActiveCfg = Release|Any CPU
		{1D069506-B03C-467B-8177-043355EE2997}.Release|Any CPU.Build.0 = Release|Any CPU
		{36951E27-7825-4916-805E-D4883CD23C91}.Debug|Any CPU.ActiveCfg = Debug|Any CPU
		{36951E27-7825-4916-805E-D4883CD23C91}.Debug|Any CPU.Build.0 = Debug|Any CPU
		{36951E27-7825-4916-805E-D4883CD23C91}.Release|Any CPU.ActiveCfg = Release|Any CPU
		{36951E27-7825-4916-805E-D4883CD23C91}.Release|Any CPU.Build.0 = Release|Any CPU
	EndGlobalSection
	GlobalSection(SolutionProperties) = preSolution
		HideSolutionNode = FALSE
	EndGlobalSection
	GlobalSection(ExtensibilityGlobals) = postSolution
		SolutionGuid = {FD66F6D8-5851-45AF-A474-2BDC7C5FB908}
	EndGlobalSection
EndGlobal
